# THIS IS AN AUTOGENERATED FILE. DO NOT EDIT THIS FILE DIRECTLY.
# yarn lockfile v1


fengari@fengari-lua/fengari:
  version "0.0.1"
  resolved "https://codeload.github.com/fengari-lua/fengari/tar.gz/43238f0f3d12c0cf2424579f9562b73323021d61"
  dependencies:
    readline-sync "^1.4.7"
    seedrandom "^2.4.2"
    sprintf-js giann/sprintf.js
    strftime "^0.10.0"
    tmp "0.0.31"

os-tmpdir@~1.0.1:
  version "1.0.2"
  resolved "https://registry.yarnpkg.com/os-tmpdir/-/os-tmpdir-1.0.2.tgz#bbe67406c79aa85c5cfec766fe5734555dfa1274"

readline-sync@^1.4.7:
  version "1.4.7"
  resolved "https://registry.yarnpkg.com/readline-sync/-/readline-sync-1.4.7.tgz#001bfdd4c06110c3c084c63bf7c6a56022213f30"

seedrandom@^2.4.2:
  version "2.4.3"
  resolved "https://registry.yarnpkg.com/seedrandom/-/seedrandom-2.4.3.tgz#2438504dad33917314bff18ac4d794f16d6aaecc"

sprintf-js@giann/sprintf.js:
  version "1.0.3"
  resolved "https://codeload.github.com/giann/sprintf.js/tar.gz/78f98d4f39ba27579992ea66cbf2b23265c796ba"

strftime@^0.10.0:
  version "0.10.0"
  resolved "https://registry.yarnpkg.com/strftime/-/strftime-0.10.0.tgz#b3f0fa419295202a5a289f6d6be9f4909a617193"

tmp@0.0.31:
  version "0.0.31"
  resolved "https://registry.yarnpkg.com/tmp/-/tmp-0.0.31.tgz#8f38ab9438e17315e5dbd8b3657e8bfb277ae4a7"
  dependencies:
    os-tmpdir "~1.0.1"
